<?xml version="1.0" encoding="utf-8"?>
<Project ToolsVersion="4.0" xmlns="http://schemas.microsoft.com/developer/msbuild/2003">
  <ItemGroup>
    <ClCompile Include="Source\main.cpp" />
    <ClCompile Include="Source\Graphics\Texture.cpp" />
    <ClCompile Include="Source\States\GameState.cpp" />
    <ClCompile Include="Source\States\PauseState.cpp" />
    <ClCompile Include="Source\States\StateMachine.cpp" />
    <ClCompile Include="Source\Utilities\Logging.cpp" />
    <ClCompile Include="Source\Audio\Audio.cpp" />
    <ClCompile Include="Source\Graphics\TextureManager.cpp" />
    <ClCompile Include="Source\Audio\AudioManager.cpp" />
    <ClCompile Include="Source\Maths\Helpers.cpp" />
    <ClCompile Include="Source\Characters\Player\States\PlayerState.cpp" />
    <ClCompile Include="Source\Characters\Player\Player.cpp" />
    <ClCompile Include="Source\Characters\Attributes\Movement.cpp" />
    <ClCompile Include="Source\Input\InputManager.cpp" />
    <ClCompile Include="Source\Animations\Animator.cpp" />
    <ClCompile Include="Source\Graphics\TileSet.cpp" />
    <ClCompile Include="Source\Graphics\RenderManager.cpp" />
    <ClCompile Include="Source\Collisions\Collider.cpp" />
    <ClCompile Include="Source\Game\Camera.cpp" />
    <ClCompile Include="Source\Characters\Player\States\AttackState.cpp" />
    <ClCompile Include="Source\Game\Cursor.cpp" />
    <ClCompile Include="Source\pch.cpp" />
    <ClCompile Include="Source\Characters\Weapons\Weapon.cpp" />
    <ClCompile Include="Source\Characters\Enemies\Enemy.cpp" />
    <ClCompile Include="Source\Characters\Enemies\Imp.cpp" />
    <ClCompile Include="Source\Characters\Enemies\EnemyManager.cpp" />
    <ClCompile Include="Source\Collisions\ColliderManager.cpp" />
    <ClCompile Include="Source\UI\UIManager.cpp" />
    <ClCompile Include="Source\UI\Menus\Menu.cpp" />
    <ClCompile Include="Source\UI\MenuDecoder.cpp" />
    <ClCompile Include="Source\UI\UIButton.cpp" />
    <ClCompile Include="Source\UI\Menus\GameMenu.cpp" />
    <ClCompile Include="Source\UI\Menus\PauseMenu.cpp" />
    <ClCompile Include="Source\System\Window.cpp" />
    <ClCompile Include="Source\Map\Map.cpp" />
    <ClCompile Include="Source\Map\ProceduralMap\TunnelGenerator.cpp" />
    <ClCompile Include="Source\System\Files\FileManager.cpp" />
    <ClCompile Include="Source\System\Files\XMLParser.cpp" />
    <ClCompile Include="Source\Managers\GameController.cpp" />
    <ClCompile Include="Source\Managers\GameController.cpp" />
    <ClCompile Include="Source\Utilities\DebugDraw.cpp" />
    <ClCompile Include="Source\Map\MapTile.cpp" />
    <ClCompile Include="Source\Characters\Enemies\EnemyStates\EnemyIdle.cpp" />
    <ClCompile Include="Source\Characters\Enemies\EnemyStates\EnemyRun.cpp" />
    <ClCompile Include="Source\Characters\Enemies\EnemyStates\EnemyAttack.cpp" />
    <ClCompile Include="Source\Characters\Enemies\EnemyStates\EnemyHit.cpp" />
    <ClCompile Include="Source\AI\AIPathing.cpp" />
    <ClCompile Include="Source\System\Files\AnimationReader.cpp" />
    <ClCompile Include="Source\System\Files\StatReader.cpp" />
    <ClCompile Include="Source\Characters\Enemies\EnemySpawner.cpp" />
    <ClCompile Include="Source\Characters\Enemies\EnemyStates\EnemyAlert.cpp" />
    <ClCompile Include="Source\Characters\Enemies\EnemyStates\EnemyPatrol.cpp" />
    <ClCompile Include="Source\Characters\Enemies\EnemyStates\EnemyDead.cpp" />
    <ClCompile Include="Source\Managers\ScoreManager.cpp" />
    <ClCompile Include="Source\Events\Dispatcher.cpp" />
    <ClCompile Include="Source\Graphics\Font.cpp" />
  </ItemGroup>
  <ItemGroup>
    <ClInclude Include="Source\Graphics\Texture.h" />
    <ClInclude Include="Source\Maths\Rect.h" />
    <ClInclude Include="Source\Maths\Vector2D.h" />
    <ClInclude Include="Source\States\GameState.h" />
    <ClInclude Include="Source\States\PauseState.h" />
    <ClInclude Include="Source\States\State.h" />
    <ClInclude Include="Source\States\StateMachine.h" />
    <ClInclude Include="Source\Utilities\Logging.h" />
    <ClInclude Include="Source\Utilities\Timer.h" />
    <ClInclude Include="Source\Audio\Audio.h" />
    <ClInclude Include="Source\Graphics\TextureManager.h" />
    <ClInclude Include="Source\Audio\AudioManager.h" />
    <ClInclude Include="Source\Maths\Helpers.h" />
    <ClInclude Include="Source\Characters\Player\States\PlayerState.h" />
    <ClInclude Include="Source\Characters\Player\Player.h" />
    <ClInclude Include="Source\Characters\Attributes\Movement.h" />
    <ClInclude Include="Source\Input\InputManager.h" />
    <ClInclude Include="Source\Animations\Animator.h" />
    <ClInclude Include="Source\Graphics\TileSet.h" />
    <ClInclude Include="Source\Characters\Attributes\Health.h" />
    <ClInclude Include="Source\Graphics\RenderManager.h" />
    <ClInclude Include="Source\Collisions\Collider.h" />
    <ClInclude Include="Source\Game\Camera.h" />
    <ClInclude Include="Source\Characters\Player\States\AttackState.h" />
    <ClInclude Include="Source\Game\Cursor.h" />
    <ClInclude Include="Source\pch.h" />
    <ClInclude Include="Source\Characters\Weapons\Weapon.h" />
    <ClInclude Include="Source\Characters\Weapons\Swing.h" />
    <ClInclude Include="Source\Characters\Enemies\Enemy.h" />
    <ClInclude Include="Source\Characters\Enemies\EnemyManager.h" />
    <ClInclude Include="Source\Characters\Enemies\Imp.h" />
    <ClInclude Include="Source\Collisions\ColliderManager.h" />
    <ClInclude Include="Source\UI\UIManager.h" />
    <ClInclude Include="Source\UI\Menus\Menu.h" />
    <ClInclude Include="Source\UI\MenuDecoder.h" />
    <ClInclude Include="Source\UI\UIButton.h" />
    <ClInclude Include="Source\UI\Menus\GameMenu.h" />
    <ClInclude Include="Source\UI\Menus\PauseMenu.h" />
    <ClInclude Include="Source\Characters\Attributes\Damage.h" />
    <ClInclude Include="Source\System\Window.h" />
    <ClInclude Include="Source\Map\Map.h" />
    <ClInclude Include="Source\Map\ProceduralMap\TunnelGenerator.h" />
    <ClInclude Include="Source\Maths\Grid.h" />
    <ClInclude Include="Source\System\Files\FileManager.h" />
    <ClInclude Include="Source\System\Files\XMLParser.h" />
    <ClInclude Include="Source\System\Files\Attributes.h" />
    <ClInclude Include="Source\Managers\GameController.h" />
    <ClInclude Include="Source\Managers\GameController.h" />
    <ClInclude Include="Source\Game\GameData.h" />
    <ClInclude Include="Source\Utilities\DebugDraw.h" />
    <ClInclude Include="Source\Map\MapTile.h" />
    <ClInclude Include="Source\Characters\Enemies\EnemyStates\EnemyHit.h" />
    <ClInclude Include="Source\Characters\Enemies\EnemyStates\EnemyRun.h" />
    <ClInclude Include="Source\Characters\Enemies\EnemyStates\EnemyIdle.h" />
    <ClInclude Include="Source\Characters\Enemies\EnemyStates\EnemyAttack.h" />
    <ClInclude Include="Source\AI\AIPathing.h" />
    <ClInclude Include="Source\System\Files\AnimationReader.h" />
    <ClInclude Include="Source\System\Files\XMLValueMap.h" />
    <ClInclude Include="Source\System\Files\StatReader.h" />
    <ClInclude Include="Source\Characters\Enemies\EnemySpawner.h" />
    <ClInclude Include="Source\Characters\Enemies\EnemyStates\EnemyAlert.h" />
    <ClInclude Include="Source\Characters\Enemies\EnemyStates\EnemyPatrol.h" />
    <ClInclude Include="Source\Characters\Enemies\EnemyPropertyBag.h" />
    <ClInclude Include="Source\Characters\Enemies\EnemyEnums.h" />
    <ClInclude Include="Source\Characters\Enemies\EnemyStates\EnemyStateHeaders.h" />
    <ClInclude Include="Source\Characters\Enemies\EnemyStates\EnemyDead.h" />
    <ClInclude Include="Source\Characters\Attributes\Property.h" />
    <ClInclude Include="Source\Managers\ScoreManager.h" />
    <ClInclude Include="Source\Events\Dispatcher.h" />
    <ClInclude Include="Source\Events\Observer.h" />
    <ClInclude Include="Source\Graphics\Font.h" />
  </ItemGroup>
</Project>